<Solution>
  <Project Path="flappy bird/flappy bird.csproj" Id="35179c8a-30aa-4564-b368-3834e34c0647" />
  <Project Path="kamen nuzky papir/kamen nuzky papir.csproj" />
  <Project Path="Papoušek/Papoušek.csproj" />
  <Project Path="Piškvorky/Piškvorky.csproj" Id="ca8ecb02-7434-48e6-931a-a37f5459d6d0" />
  <Project Path="Project1/Project1.csproj" Id="7eebdcd7-e79c-43a4-8fe2-e38aa138914f" />
  <Project Path="šibenice/šibenice.csproj" Id="c14e9549-aa87-4b46-9170-b8de46f80f26" />
</Solution>
